
Microsoft Visual Studio Solution File, Format Version 12.00
# Visual Studio 15
VisualStudioVersion = 15.0.26403.7
MinimumVisualStudioVersion = 10.0.40219.1
Project("{FAE04EC0-301F-11D3-BF4B-00C04F79EFBC}") = "ClassLibrary_CGC", "ClassLibrary_CGC\ClassLibrary_CGC.csproj", "{B3885C29-A7A1-4F1E-8CA6-14FD7847F871}"
EndProject
Global
	GlobalSection(SolutionConfigurationPlatforms) = preSolution
		Debug|Any CPU = Debug|Any CPU
		Release|Any CPU = Release|Any CPU
	EndGlobalSection
	GlobalSection(ProjectConfigurationPlatforms) = postSolution
		{B3885C29-A7A1-4F1E-8CA6-14FD7847F871}.Debug|Any CPU.ActiveCfg = Debug|Any CPU
		{B3885C29-A7A1-4F1E-8CA6-14FD7847F871}.Debug|Any CPU.Build.0 = Debug|Any CPU
		{B3885C29-A7A1-4F1E-8CA6-14FD7847F871}.Release|Any CPU.ActiveCfg = Release|Any CPU
		{B3885C29-A7A1-4F1E-8CA6-14FD7847F871}.Release|Any CPU.Build.0 = Release|Any CPU
	EndGlobalSection
	GlobalSection(SolutionProperties) = preSolution
		HideSolutionNode = FALSE
	EndGlobalSection
EndGlobal
